
Microsoft Visual Studio Solution File, Format Version 12.00
# Visual Studio Version 17
VisualStudioVersion = 17.6.33829.357
MinimumVisualStudioVersion = 10.0.40219.1
Project("{FAE04EC0-301F-11D3-BF4B-00C04F79EFBC}") = "Gelati", "Gelati.csproj", "{4997BE6B-4444-487A-ACCA-E46FDC270836}"
EndProject
Global
	GlobalSection(SolutionConfigurationPlatforms) = preSolution
		Debug|Any CPU = Debug|Any CPU
		Release|Any CPU = Release|Any CPU
	EndGlobalSection
	GlobalSection(ProjectConfigurationPlatforms) = postSolution
		{4997BE6B-4444-487A-ACCA-E46FDC270836}.Debug|Any CPU.ActiveCfg = Debug|Any CPU
		{4997BE6B-4444-487A-ACCA-E46FDC270836}.Debug|Any CPU.Build.0 = Debug|Any CPU
		{4997BE6B-4444-487A-ACCA-E46FDC270836}.Release|Any CPU.ActiveCfg = Release|Any CPU
		{4997BE6B-4444-487A-ACCA-E46FDC270836}.Release|Any CPU.Build.0 = Release|Any CPU
	EndGlobalSection
	GlobalSection(SolutionProperties) = preSolution
		HideSolutionNode = FALSE
	EndGlobalSection
	GlobalSection(ExtensibilityGlobals) = postSolution
		SolutionGuid = {200DFB05-794C-4978-856C-28C475185691}
	EndGlobalSection
EndGlobal
